
Microsoft Visual Studio Solution File, Format Version 12.00
# Visual Studio Version 17
VisualStudioVersion = 17.3.32819.101
MinimumVisualStudioVersion = 10.0.40219.1
Project("{FAE04EC0-301F-11D3-BF4B-00C04F79EFBC}") = "NumberManipulator", "NumberManipulator.csproj", "{ED97DC4B-D0FE-4472-BC6F-FF619895CB7A}"
EndProject
Global
	GlobalSection(SolutionConfigurationPlatforms) = preSolution
		Debug|Any CPU = Debug|Any CPU
		Release|Any CPU = Release|Any CPU
	EndGlobalSection
	GlobalSection(ProjectConfigurationPlatforms) = postSolution
		{ED97DC4B-D0FE-4472-BC6F-FF619895CB7A}.Debug|Any CPU.ActiveCfg = Debug|Any CPU
		{ED97DC4B-D0FE-4472-BC6F-FF619895CB7A}.Debug|Any CPU.Build.0 = Debug|Any CPU
		{ED97DC4B-D0FE-4472-BC6F-FF619895CB7A}.Release|Any CPU.ActiveCfg = Release|Any CPU
		{ED97DC4B-D0FE-4472-BC6F-FF619895CB7A}.Release|Any CPU.Build.0 = Release|Any CPU
	EndGlobalSection
	GlobalSection(SolutionProperties) = preSolution
		HideSolutionNode = FALSE
	EndGlobalSection
	GlobalSection(ExtensibilityGlobals) = postSolution
		SolutionGuid = {95487512-D8A9-4592-AAB9-E22183DDAC61}
	EndGlobalSection
EndGlobal
